<?xml version="1.0" encoding="UTF-8" standalone="yes" ?>
<CodeBlocks_project_file>
	<FileVersion major="1" minor="6" />
	<Project>
		<Option title="FeedbackSystemTUGN" />
		<Option pch_mode="2" />
		<Option compiler="gcc" />
		<Build>
			<Target title="Debug">
				<Option output="bin/Debug/FeedbackSystemTUGN" prefix_auto="1" extension_auto="1" />
				<Option object_output="obj/Debug/" />
				<Option type="3" />
				<Option compiler="gcc" />
				<Option createDefFile="1" />
				<Option createStaticLib="1" />
				<Compiler>
					<Add option="-Wall" />
					<Add option="-DBUILD_DLL" />
					<Add option="-g" />
				</Compiler>
				<Linker>
					<Add library="user32" />
				</Linker>
			</Target>
			<Target title="Release">
				<Option output="bin/Release/FeedbackSystemTUGN" prefix_auto="1" extension_auto="1" />
				<Option object_output="obj/Release/" />
				<Option type="3" />
				<Option compiler="gcc" />
				<Option createDefFile="1" />
				<Option createStaticLib="1" />
				<Compiler>
					<Add option="-Wall" />
					<Add option="-DBUILD_DLL" />
					<Add option="-O2" />
				</Compiler>
				<Linker>
					<Add option="-s" />
					<Add library="user32" />
				</Linker>
			</Target>
		</Build>
		<Compiler>
			<Add directory="C:/Program Files/MySQL/MySQL Server 8.0/include" />
		</Compiler>
		<Linker>
			<Add library="../../../../../../../Program Files/MySQL/MySQL Server 8.0/lib/libmysql.lib" />
		</Linker>
		<Unit filename="AdminUser.cpp" />
		<Unit filename="AdminUser.h" />
		<Unit filename="AnalyticsEngine.cpp" />
		<Unit filename="AnalyticsEngine.h" />
		<Unit filename="DatabaseManager.cpp" />
		<Unit filename="DatabaseManager.h" />
		<Unit filename="Feedback.cpp" />
		<Unit filename="Feedback.h" />
		<Unit filename="FeedbackBridge.cpp" />
		<Unit filename="FeedbackSystemTUGN.cbp" />
		<Unit filename="FeedbackSystemTUGN.depend" />
		<Unit filename="StudentFeedback.cpp" />
		<Unit filename="StudentFeedback.h" />
		<Extensions />
	</Project>
</CodeBlocks_project_file>
